
Microsoft Visual Studio Solution File, Format Version 12.00
# Visual Studio Version 17
VisualStudioVersion = 17.11.35208.52
MinimumVisualStudioVersion = 10.0.40219.1
Project("{9A19103F-16F7-4668-BE54-9A1E7A4F7556}") = "Test_TeamCity_Domain", "Test_TeamCity_Domain\Test_TeamCity_Domain.csproj", "{019299B4-B3DA-4F1A-AB4E-001B7E012507}"
EndProject
Project("{9A19103F-16F7-4668-BE54-9A1E7A4F7556}") = "Test_TeamCity_Website", "Test_TeamCity_Website\Test_TeamCity_Website.csproj", "{895058F9-E140-4930-B0F3-BAB719CC9DC6}"
EndProject
Project("{9A19103F-16F7-4668-BE54-9A1E7A4F7556}") = "Test_TeamCity_Tests", "Test_TeamCity_Tests\Test_TeamCity_Tests.csproj", "{45E42FE1-E72B-4F8C-BE9F-12326CDEF71A}"
EndProject
Global
	GlobalSection(SolutionConfigurationPlatforms) = preSolution
		Debug|Any CPU = Debug|Any CPU
		Release|Any CPU = Release|Any CPU
	EndGlobalSection
	GlobalSection(ProjectConfigurationPlatforms) = postSolution
		{019299B4-B3DA-4F1A-AB4E-001B7E012507}.Debug|Any CPU.ActiveCfg = Debug|Any CPU
		{019299B4-B3DA-4F1A-AB4E-001B7E012507}.Debug|Any CPU.Build.0 = Debug|Any CPU
		{019299B4-B3DA-4F1A-AB4E-001B7E012507}.Release|Any CPU.ActiveCfg = Release|Any CPU
		{019299B4-B3DA-4F1A-AB4E-001B7E012507}.Release|Any CPU.Build.0 = Release|Any CPU
		{895058F9-E140-4930-B0F3-BAB719CC9DC6}.Debug|Any CPU.ActiveCfg = Debug|Any CPU
		{895058F9-E140-4930-B0F3-BAB719CC9DC6}.Debug|Any CPU.Build.0 = Debug|Any CPU
		{895058F9-E140-4930-B0F3-BAB719CC9DC6}.Release|Any CPU.ActiveCfg = Release|Any CPU
		{895058F9-E140-4930-B0F3-BAB719CC9DC6}.Release|Any CPU.Build.0 = Release|Any CPU
		{45E42FE1-E72B-4F8C-BE9F-12326CDEF71A}.Debug|Any CPU.ActiveCfg = Debug|Any CPU
		{45E42FE1-E72B-4F8C-BE9F-12326CDEF71A}.Debug|Any CPU.Build.0 = Debug|Any CPU
		{45E42FE1-E72B-4F8C-BE9F-12326CDEF71A}.Release|Any CPU.ActiveCfg = Release|Any CPU
		{45E42FE1-E72B-4F8C-BE9F-12326CDEF71A}.Release|Any CPU.Build.0 = Release|Any CPU
	EndGlobalSection
	GlobalSection(SolutionProperties) = preSolution
		HideSolutionNode = FALSE
	EndGlobalSection
	GlobalSection(ExtensibilityGlobals) = postSolution
		SolutionGuid = {C76C8FB2-E10C-44DD-A15F-8D4BB02BD9BE}
	EndGlobalSection
EndGlobal
